
Microsoft Visual Studio Solution File, Format Version 12.00
# Visual Studio Version 16
VisualStudioVersion = 16.0.31129.286
MinimumVisualStudioVersion = 10.0.40219.1
Project("{FAE04EC0-301F-11D3-BF4B-00C04F79EFBC}") = "CalculadoraPOO.consoleapp", "CalculadoraPOO.consoleapp\CalculadoraPOO.consoleapp.csproj", "{1C1A4C0B-9894-42EE-8158-0E7A0C4EE8E3}"
EndProject
Global
	GlobalSection(SolutionConfigurationPlatforms) = preSolution
		Debug|Any CPU = Debug|Any CPU
		Release|Any CPU = Release|Any CPU
	EndGlobalSection
	GlobalSection(ProjectConfigurationPlatforms) = postSolution
		{1C1A4C0B-9894-42EE-8158-0E7A0C4EE8E3}.Debug|Any CPU.ActiveCfg = Debug|Any CPU
		{1C1A4C0B-9894-42EE-8158-0E7A0C4EE8E3}.Debug|Any CPU.Build.0 = Debug|Any CPU
		{1C1A4C0B-9894-42EE-8158-0E7A0C4EE8E3}.Release|Any CPU.ActiveCfg = Release|Any CPU
		{1C1A4C0B-9894-42EE-8158-0E7A0C4EE8E3}.Release|Any CPU.Build.0 = Release|Any CPU
	EndGlobalSection
	GlobalSection(SolutionProperties) = preSolution
		HideSolutionNode = FALSE
	EndGlobalSection
	GlobalSection(ExtensibilityGlobals) = postSolution
		SolutionGuid = {E4FDAB7B-886B-4D80-984A-EFE9BAA259BB}
	EndGlobalSection
EndGlobal
